
Microsoft Visual Studio Solution File, Format Version 12.00
# Visual Studio Version 17
VisualStudioVersion = 17.11.34909.67
MinimumVisualStudioVersion = 10.0.40219.1
Project("{9A19103F-16F7-4668-BE54-9A1E7A4F7556}") = "CSharp.UtilityTypes.Tests", "tests\CSharp.UtilityTypes.Tests\CSharp.UtilityTypes.Tests.csproj", "{860FFC6E-26B0-4E5C-BEE0-86A63B1653AB}"
EndProject
Project("{9A19103F-16F7-4668-BE54-9A1E7A4F7556}") = "CSharp.UtilityTypes", "src\CSharp.UtilityTypes\CSharp.UtilityTypes.csproj", "{B26A1E5E-467D-4077-B1D6-FAEB58867ABD}"
EndProject
Project("{2150E333-8FDC-42A3-9474-1A3956D46DE8}") = "Solution Items", "Solution Items", "{579DA9D6-F9D8-4C19-BA66-236F1E22EB84}"
	ProjectSection(SolutionItems) = preProject
		LICENSE.txt = LICENSE.txt
		README.md = README.md
	EndProjectSection
EndProject
Global
	GlobalSection(SolutionConfigurationPlatforms) = preSolution
		Debug|Any CPU = Debug|Any CPU
		Release|Any CPU = Release|Any CPU
	EndGlobalSection
	GlobalSection(ProjectConfigurationPlatforms) = postSolution
		{860FFC6E-26B0-4E5C-BEE0-86A63B1653AB}.Debug|Any CPU.ActiveCfg = Debug|Any CPU
		{860FFC6E-26B0-4E5C-BEE0-86A63B1653AB}.Debug|Any CPU.Build.0 = Debug|Any CPU
		{860FFC6E-26B0-4E5C-BEE0-86A63B1653AB}.Release|Any CPU.ActiveCfg = Release|Any CPU
		{860FFC6E-26B0-4E5C-BEE0-86A63B1653AB}.Release|Any CPU.Build.0 = Release|Any CPU
		{B26A1E5E-467D-4077-B1D6-FAEB58867ABD}.Debug|Any CPU.ActiveCfg = Debug|Any CPU
		{B26A1E5E-467D-4077-B1D6-FAEB58867ABD}.Debug|Any CPU.Build.0 = Debug|Any CPU
		{B26A1E5E-467D-4077-B1D6-FAEB58867ABD}.Release|Any CPU.ActiveCfg = Release|Any CPU
		{B26A1E5E-467D-4077-B1D6-FAEB58867ABD}.Release|Any CPU.Build.0 = Release|Any CPU
	EndGlobalSection
	GlobalSection(SolutionProperties) = preSolution
		HideSolutionNode = FALSE
	EndGlobalSection
	GlobalSection(ExtensibilityGlobals) = postSolution
		SolutionGuid = {F50F79BA-90EA-4133-A0C6-7523CA4B3DAC}
	EndGlobalSection
EndGlobal
