
Microsoft Visual Studio Solution File, Format Version 12.00
# Visual Studio Version 17
VisualStudioVersion = 17.11.34909.67
MinimumVisualStudioVersion = 10.0.40219.1
Project("{9A19103F-16F7-4668-BE54-9A1E7A4F7556}") = "TraitsGen.Tests", "tests\TraitsGen.Tests\TraitsGen.Tests.csproj", "{1C613AE0-ADE2-48E1-94E3-41A6153795CE}"
EndProject
Project("{9A19103F-16F7-4668-BE54-9A1E7A4F7556}") = "TraitsGen", "src\TraitsGen\TraitsGen.csproj", "{D0E898BA-7964-49F7-A8CC-01CD4004F246}"
EndProject
Global
	GlobalSection(SolutionConfigurationPlatforms) = preSolution
		Debug|Any CPU = Debug|Any CPU
		Release|Any CPU = Release|Any CPU
	EndGlobalSection
	GlobalSection(ProjectConfigurationPlatforms) = postSolution
		{1C613AE0-ADE2-48E1-94E3-41A6153795CE}.Debug|Any CPU.ActiveCfg = Debug|Any CPU
		{1C613AE0-ADE2-48E1-94E3-41A6153795CE}.Debug|Any CPU.Build.0 = Debug|Any CPU
		{1C613AE0-ADE2-48E1-94E3-41A6153795CE}.Release|Any CPU.ActiveCfg = Release|Any CPU
		{1C613AE0-ADE2-48E1-94E3-41A6153795CE}.Release|Any CPU.Build.0 = Release|Any CPU
		{D0E898BA-7964-49F7-A8CC-01CD4004F246}.Debug|Any CPU.ActiveCfg = Debug|Any CPU
		{D0E898BA-7964-49F7-A8CC-01CD4004F246}.Debug|Any CPU.Build.0 = Debug|Any CPU
		{D0E898BA-7964-49F7-A8CC-01CD4004F246}.Release|Any CPU.ActiveCfg = Release|Any CPU
		{D0E898BA-7964-49F7-A8CC-01CD4004F246}.Release|Any CPU.Build.0 = Release|Any CPU
	EndGlobalSection
	GlobalSection(SolutionProperties) = preSolution
		HideSolutionNode = FALSE
	EndGlobalSection
	GlobalSection(ExtensibilityGlobals) = postSolution
		SolutionGuid = {F50F79BA-90EA-4133-A0C6-7523CA4B3DAC}
	EndGlobalSection
EndGlobal
